
Microsoft Visual Studio Solution File, Format Version 12.00
# Visual Studio Version 17
VisualStudioVersion = 17.14.36603.0 d17.14
MinimumVisualStudioVersion = 10.0.40219.1
Project("{FAE04EC0-301F-11D3-BF4B-00C04F79EFBC}") = "Moneo.Api", "Moneo.Api.csproj", "{162FAD7A-D244-1B1E-D678-F039074111FB}"
EndProject
Global
	GlobalSection(SolutionConfigurationPlatforms) = preSolution
		Debug|Any CPU = Debug|Any CPU
		Release|Any CPU = Release|Any CPU
	EndGlobalSection
	GlobalSection(ProjectConfigurationPlatforms) = postSolution
		{162FAD7A-D244-1B1E-D678-F039074111FB}.Debug|Any CPU.ActiveCfg = Debug|Any CPU
		{162FAD7A-D244-1B1E-D678-F039074111FB}.Debug|Any CPU.Build.0 = Debug|Any CPU
		{162FAD7A-D244-1B1E-D678-F039074111FB}.Release|Any CPU.ActiveCfg = Release|Any CPU
		{162FAD7A-D244-1B1E-D678-F039074111FB}.Release|Any CPU.Build.0 = Release|Any CPU
	EndGlobalSection
	GlobalSection(SolutionProperties) = preSolution
		HideSolutionNode = FALSE
	EndGlobalSection
	GlobalSection(ExtensibilityGlobals) = postSolution
		SolutionGuid = {D1EF6512-B82B-4BF3-9101-7007726B68B4}
	EndGlobalSection
EndGlobal
